<?xml version="1.0" encoding="utf-8"?>
<Project ToolsVersion="4.0" xmlns="http://schemas.microsoft.com/developer/msbuild/2003">
  <ItemGroup>
    <Filter Include="소스 파일">
      <UniqueIdentifier>{4FC737F1-C7A5-4376-A066-2A32D752A2FF}</UniqueIdentifier>
      <Extensions>cpp;c;cc;cxx;c++;cppm;ixx;def;odl;idl;hpj;bat;asm;asmx</Extensions>
    </Filter>
    <Filter Include="헤더 파일">
      <UniqueIdentifier>{93995380-89BD-4b04-88EB-625FBE52EBFB}</UniqueIdentifier>
      <Extensions>h;hh;hpp;hxx;h++;hm;inl;inc;ipp;xsd</Extensions>
    </Filter>
    <Filter Include="리소스 파일">
      <UniqueIdentifier>{67DA6AB6-F800-4c08-8B7A-83BB121AAD01}</UniqueIdentifier>
      <Extensions>rc;ico;cur;bmp;dlg;rc2;rct;bin;rgs;gif;jpg;jpeg;jpe;resx;tiff;tif;png;wav;mfcribbon-ms</Extensions>
    </Filter>
    <Filter Include="소스 파일\02. Manager">
      <UniqueIdentifier>{902b1d4b-6703-47a5-b35f-5e7946f59b79}</UniqueIdentifier>
    </Filter>
    <Filter Include="소스 파일\01. CCore">
      <UniqueIdentifier>{f6e9ea41-3b5d-4d6e-9391-4ee625d8817a}</UniqueIdentifier>
    </Filter>
    <Filter Include="소스 파일\02. Manager\01. SceneMgr">
      <UniqueIdentifier>{38361a70-fd32-4ecc-bb86-d0d7416cdea0}</UniqueIdentifier>
    </Filter>
    <Filter Include="소스 파일\02. Manager\03. KeyMgr">
      <UniqueIdentifier>{03d3d104-9666-4a73-b39a-a70ae06022cf}</UniqueIdentifier>
    </Filter>
    <Filter Include="소스 파일\02. Manager\02. TimeMgr">
      <UniqueIdentifier>{7e20701d-82c4-4163-b6c6-bfc318efae71}</UniqueIdentifier>
    </Filter>
    <Filter Include="소스 파일\02. Manager\04. PathMgr">
      <UniqueIdentifier>{96c21d52-704d-4def-810c-f63469a6e11c}</UniqueIdentifier>
    </Filter>
    <Filter Include="소스 파일\02. Manager\05. ResMgr">
      <UniqueIdentifier>{1d2f9a8c-32dd-4b46-8eeb-bb4ed5451fa7}</UniqueIdentifier>
    </Filter>
    <Filter Include="소스 파일\03. Object">
      <UniqueIdentifier>{22f7a9ad-a4c0-498c-9e23-f8d85960328a}</UniqueIdentifier>
    </Filter>
    <Filter Include="소스 파일\03. Object\01. CollisionObj">
      <UniqueIdentifier>{5efce7b5-8353-4dc7-95c2-820dd8c5f8b1}</UniqueIdentifier>
    </Filter>
    <Filter Include="소스 파일\04. Scene&amp;Layer">
      <UniqueIdentifier>{143aeb47-8030-4fba-9339-13e81140a63b}</UniqueIdentifier>
    </Filter>
    <Filter Include="소스 파일\04. Scene&amp;Layer\01. Scene">
      <UniqueIdentifier>{56721b1f-4744-421c-8328-b5aca697df7d}</UniqueIdentifier>
    </Filter>
    <Filter Include="소스 파일\04. Scene&amp;Layer\01. Scene\1. TestScene">
      <UniqueIdentifier>{08fff22e-db83-409c-896f-cac5f5b98da1}</UniqueIdentifier>
    </Filter>
    <Filter Include="소스 파일\04. Scene&amp;Layer\02. Layer">
      <UniqueIdentifier>{8137830e-6e58-4669-ae5b-7fedf9b75d06}</UniqueIdentifier>
    </Filter>
    <Filter Include="소스 파일\05. Resource">
      <UniqueIdentifier>{40bca8a4-347e-4c6d-b0ba-8713f5ae65d3}</UniqueIdentifier>
    </Filter>
    <Filter Include="소스 파일\02. Manager\06. Camera">
      <UniqueIdentifier>{be43baec-984d-488b-9b79-7b1fca9ff7e8}</UniqueIdentifier>
    </Filter>
    <Filter Include="소스 파일\03. Object\UI&amp;Border">
      <UniqueIdentifier>{3a579f43-aaf5-46e3-a164-e62f08968f0f}</UniqueIdentifier>
    </Filter>
    <Filter Include="소스 파일\07. Collision">
      <UniqueIdentifier>{42393ffa-0ccc-448a-b637-80819065e9e1}</UniqueIdentifier>
    </Filter>
    <Filter Include="소스 파일\07. Collision\AttackBox">
      <UniqueIdentifier>{5045ab18-cfd2-44f4-aec8-7ff3ad00c002}</UniqueIdentifier>
    </Filter>
    <Filter Include="소스 파일\03. Object\01. CollisionObj\CollisionGravityObj">
      <UniqueIdentifier>{2c188b63-124f-407c-85ad-9dcefa2e1602}</UniqueIdentifier>
    </Filter>
    <Filter Include="소스 파일\03. Object\01. CollisionObj\CollisionGravityObj\01.Player">
      <UniqueIdentifier>{3d5dce49-09fb-448e-a5f3-a19a33c9abdf}</UniqueIdentifier>
    </Filter>
    <Filter Include="소스 파일\06. Animator">
      <UniqueIdentifier>{0794e44a-85f5-4419-9182-fdf45acbc328}</UniqueIdentifier>
    </Filter>
    <Filter Include="소스 파일\06. Animator\Animation">
      <UniqueIdentifier>{9bccc3e1-f347-4f75-b5d5-fbe74a6a364d}</UniqueIdentifier>
    </Filter>
  </ItemGroup>
  <ItemGroup>
    <ClInclude Include="framework.h">
      <Filter>헤더 파일</Filter>
    </ClInclude>
    <ClInclude Include="targetver.h">
      <Filter>헤더 파일</Filter>
    </ClInclude>
    <ClInclude Include="Resource.h">
      <Filter>헤더 파일</Filter>
    </ClInclude>
    <ClInclude Include="maple_story.h">
      <Filter>헤더 파일</Filter>
    </ClInclude>
    <ClInclude Include="pch.h">
      <Filter>헤더 파일</Filter>
    </ClInclude>
    <ClInclude Include="define.h">
      <Filter>헤더 파일</Filter>
    </ClInclude>
    <ClInclude Include="global.h">
      <Filter>헤더 파일</Filter>
    </ClInclude>
    <ClInclude Include="Core.h">
      <Filter>소스 파일\01. CCore</Filter>
    </ClInclude>
    <ClInclude Include="SceneMgr.h">
      <Filter>소스 파일\02. Manager\01. SceneMgr</Filter>
    </ClInclude>
    <ClInclude Include="Obj.h">
      <Filter>소스 파일\03. Object</Filter>
    </ClInclude>
    <ClInclude Include="function.h">
      <Filter>헤더 파일</Filter>
    </ClInclude>
    <ClInclude Include="struct.h">
      <Filter>헤더 파일</Filter>
    </ClInclude>
    <ClInclude Include="TestScene.h">
      <Filter>소스 파일\04. Scene&amp;Layer\01. Scene\1. TestScene</Filter>
    </ClInclude>
    <ClInclude Include="Player.h">
      <Filter>소스 파일\03. Object\01. CollisionObj\CollisionGravityObj\01.Player</Filter>
    </ClInclude>
    <ClInclude Include="KeyMgr.h">
      <Filter>소스 파일\02. Manager\03. KeyMgr</Filter>
    </ClInclude>
    <ClInclude Include="TimeMgr.h">
      <Filter>소스 파일\02. Manager\02. TimeMgr</Filter>
    </ClInclude>
    <ClInclude Include="PathMgr.h">
      <Filter>소스 파일\02. Manager\04. PathMgr</Filter>
    </ClInclude>
    <ClInclude Include="ResMgr.h">
      <Filter>소스 파일\02. Manager\05. ResMgr</Filter>
    </ClInclude>
    <ClInclude Include="Scene.h">
      <Filter>소스 파일\04. Scene&amp;Layer\01. Scene</Filter>
    </ClInclude>
    <ClInclude Include="Layer.h">
      <Filter>소스 파일\04. Scene&amp;Layer\02. Layer</Filter>
    </ClInclude>
    <ClInclude Include="Texture.h">
      <Filter>소스 파일\05. Resource</Filter>
    </ClInclude>
    <ClInclude Include="Camera.h">
      <Filter>소스 파일\02. Manager\06. Camera</Filter>
    </ClInclude>
    <ClInclude Include="UI.h">
      <Filter>소스 파일\03. Object\UI&amp;Border</Filter>
    </ClInclude>
    <ClInclude Include="Border.h">
      <Filter>소스 파일\03. Object\UI&amp;Border</Filter>
    </ClInclude>
    <ClInclude Include="CollisionObj.h">
      <Filter>소스 파일\03. Object\01. CollisionObj</Filter>
    </ClInclude>
    <ClInclude Include="Collision.h">
      <Filter>소스 파일\07. Collision</Filter>
    </ClInclude>
    <ClInclude Include="AttackBox.h">
      <Filter>소스 파일\07. Collision\AttackBox</Filter>
    </ClInclude>
    <ClInclude Include="CollisionGravityObj.h">
      <Filter>소스 파일\03. Object\01. CollisionObj\CollisionGravityObj</Filter>
    </ClInclude>
    <ClInclude Include="Animator.h">
      <Filter>소스 파일\06. Animator</Filter>
    </ClInclude>
    <ClInclude Include="Animation.h">
      <Filter>소스 파일\06. Animator\Animation</Filter>
    </ClInclude>
  </ItemGroup>
  <ItemGroup>
    <ClCompile Include="pch.cpp">
      <Filter>소스 파일</Filter>
    </ClCompile>
    <ClCompile Include="main.cpp">
      <Filter>소스 파일</Filter>
    </ClCompile>
    <ClCompile Include="Core.cpp">
      <Filter>소스 파일\01. CCore</Filter>
    </ClCompile>
    <ClCompile Include="SceneMgr.cpp">
      <Filter>소스 파일\02. Manager\01. SceneMgr</Filter>
    </ClCompile>
    <ClCompile Include="Obj.cpp">
      <Filter>소스 파일\03. Object</Filter>
    </ClCompile>
    <ClCompile Include="TestScene.cpp">
      <Filter>소스 파일\04. Scene&amp;Layer\01. Scene\1. TestScene</Filter>
    </ClCompile>
    <ClCompile Include="Player.cpp">
      <Filter>소스 파일\03. Object\01. CollisionObj\CollisionGravityObj\01.Player</Filter>
    </ClCompile>
    <ClCompile Include="KeyMgr.cpp">
      <Filter>소스 파일\02. Manager\03. KeyMgr</Filter>
    </ClCompile>
    <ClCompile Include="TimeMgr.cpp">
      <Filter>소스 파일\02. Manager\02. TimeMgr</Filter>
    </ClCompile>
    <ClCompile Include="PathMgr.cpp">
      <Filter>소스 파일\02. Manager\04. PathMgr</Filter>
    </ClCompile>
    <ClCompile Include="ResMgr.cpp">
      <Filter>소스 파일\02. Manager\05. ResMgr</Filter>
    </ClCompile>
    <ClCompile Include="Scene.cpp">
      <Filter>소스 파일\04. Scene&amp;Layer\01. Scene</Filter>
    </ClCompile>
    <ClCompile Include="Layer.cpp">
      <Filter>소스 파일\04. Scene&amp;Layer\02. Layer</Filter>
    </ClCompile>
    <ClCompile Include="Texture.cpp">
      <Filter>소스 파일\05. Resource</Filter>
    </ClCompile>
    <ClCompile Include="Camera.cpp">
      <Filter>소스 파일\02. Manager\06. Camera</Filter>
    </ClCompile>
    <ClCompile Include="UI.cpp">
      <Filter>소스 파일\03. Object\UI&amp;Border</Filter>
    </ClCompile>
    <ClCompile Include="Border.cpp">
      <Filter>소스 파일\03. Object\UI&amp;Border</Filter>
    </ClCompile>
    <ClCompile Include="CollisionObj.cpp">
      <Filter>소스 파일\03. Object\01. CollisionObj</Filter>
    </ClCompile>
    <ClCompile Include="Collision.cpp">
      <Filter>소스 파일\07. Collision</Filter>
    </ClCompile>
    <ClCompile Include="AttackBox.cpp">
      <Filter>소스 파일\07. Collision\AttackBox</Filter>
    </ClCompile>
    <ClCompile Include="CollisionGravityObj.cpp">
      <Filter>소스 파일\03. Object\01. CollisionObj\CollisionGravityObj</Filter>
    </ClCompile>
    <ClCompile Include="Animator.cpp">
      <Filter>소스 파일\06. Animator</Filter>
    </ClCompile>
    <ClCompile Include="Animation.cpp">
      <Filter>소스 파일\06. Animator\Animation</Filter>
    </ClCompile>
    <ClCompile Include="function.cpp">
      <Filter>소스 파일</Filter>
    </ClCompile>
  </ItemGroup>
  <ItemGroup>
    <ResourceCompile Include="maple_story.rc">
      <Filter>리소스 파일</Filter>
    </ResourceCompile>
  </ItemGroup>
  <ItemGroup>
    <Image Include="small.ico">
      <Filter>리소스 파일</Filter>
    </Image>
    <Image Include="maple_story.ico">
      <Filter>리소스 파일</Filter>
    </Image>
  </ItemGroup>
</Project>